
Microsoft Visual Studio Solution File, Format Version 12.00
# Visual Studio Version 17
VisualStudioVersion = 17.2.32526.322
MinimumVisualStudioVersion = 10.0.40219.1
Project("{9A19103F-16F7-4668-BE54-9A1E7A4F7556}") = "Interpretation Engine", "Interpretation Engine\Interpretation Engine.csproj", "{49DC6C09-00B9-4F8E-BAA1-F2FBFB748D89}"
EndProject
Project("{9A19103F-16F7-4668-BE54-9A1E7A4F7556}") = "Interpretation CLI", "Interpretation CLI\Interpretation CLI.csproj", "{83FB7978-F819-419E-885C-7DFEED33F00A}"
EndProject
Global
	GlobalSection(SolutionConfigurationPlatforms) = preSolution
		Debug|Any CPU = Debug|Any CPU
		Release|Any CPU = Release|Any CPU
	EndGlobalSection
	GlobalSection(ProjectConfigurationPlatforms) = postSolution
		{49DC6C09-00B9-4F8E-BAA1-F2FBFB748D89}.Debug|Any CPU.ActiveCfg = Debug|Any CPU
		{49DC6C09-00B9-4F8E-BAA1-F2FBFB748D89}.Debug|Any CPU.Build.0 = Debug|Any CPU
		{49DC6C09-00B9-4F8E-BAA1-F2FBFB748D89}.Release|Any CPU.ActiveCfg = Release|Any CPU
		{49DC6C09-00B9-4F8E-BAA1-F2FBFB748D89}.Release|Any CPU.Build.0 = Release|Any CPU
		{83FB7978-F819-419E-885C-7DFEED33F00A}.Debug|Any CPU.ActiveCfg = Debug|Any CPU
		{83FB7978-F819-419E-885C-7DFEED33F00A}.Debug|Any CPU.Build.0 = Debug|Any CPU
		{83FB7978-F819-419E-885C-7DFEED33F00A}.Release|Any CPU.ActiveCfg = Release|Any CPU
		{83FB7978-F819-419E-885C-7DFEED33F00A}.Release|Any CPU.Build.0 = Release|Any CPU
	EndGlobalSection
	GlobalSection(SolutionProperties) = preSolution
		HideSolutionNode = FALSE
	EndGlobalSection
	GlobalSection(ExtensibilityGlobals) = postSolution
		SolutionGuid = {B5110D75-4A28-461B-9518-F47C0F0BD989}
	EndGlobalSection
EndGlobal
